
Microsoft Visual Studio Solution File, Format Version 12.00
# Visual Studio Version 16
VisualStudioVersion = 16.0.30114.105
MinimumVisualStudioVersion = 10.0.40219.1
Project("{FAE04EC0-301F-11D3-BF4B-00C04F79EFBC}") = "API", "API\API.csproj", "{5A52395C-0F5D-455A-BB77-0459C9BC58EE}"
EndProject
Project("{FAE04EC0-301F-11D3-BF4B-00C04F79EFBC}") = "Core", "Core\Core.csproj", "{DF3002BC-D42E-4D43-95D5-829F4980404E}"
EndProject
Project("{FAE04EC0-301F-11D3-BF4B-00C04F79EFBC}") = "Infrastructure", "Infrastructure\Infrastructure.csproj", "{932F4E4C-981B-4C0E-A439-ABC5DE79EB09}"
EndProject
Global
	GlobalSection(SolutionConfigurationPlatforms) = preSolution
		Debug|Any CPU = Debug|Any CPU
		Release|Any CPU = Release|Any CPU
	EndGlobalSection
	GlobalSection(SolutionProperties) = preSolution
		HideSolutionNode = FALSE
	EndGlobalSection
	GlobalSection(ProjectConfigurationPlatforms) = postSolution
		{5A52395C-0F5D-455A-BB77-0459C9BC58EE}.Debug|Any CPU.ActiveCfg = Debug|Any CPU
		{5A52395C-0F5D-455A-BB77-0459C9BC58EE}.Debug|Any CPU.Build.0 = Debug|Any CPU
		{5A52395C-0F5D-455A-BB77-0459C9BC58EE}.Release|Any CPU.ActiveCfg = Release|Any CPU
		{5A52395C-0F5D-455A-BB77-0459C9BC58EE}.Release|Any CPU.Build.0 = Release|Any CPU
		{DF3002BC-D42E-4D43-95D5-829F4980404E}.Debug|Any CPU.ActiveCfg = Debug|Any CPU
		{DF3002BC-D42E-4D43-95D5-829F4980404E}.Debug|Any CPU.Build.0 = Debug|Any CPU
		{DF3002BC-D42E-4D43-95D5-829F4980404E}.Release|Any CPU.ActiveCfg = Release|Any CPU
		{DF3002BC-D42E-4D43-95D5-829F4980404E}.Release|Any CPU.Build.0 = Release|Any CPU
		{932F4E4C-981B-4C0E-A439-ABC5DE79EB09}.Debug|Any CPU.ActiveCfg = Debug|Any CPU
		{932F4E4C-981B-4C0E-A439-ABC5DE79EB09}.Debug|Any CPU.Build.0 = Debug|Any CPU
		{932F4E4C-981B-4C0E-A439-ABC5DE79EB09}.Release|Any CPU.ActiveCfg = Release|Any CPU
		{932F4E4C-981B-4C0E-A439-ABC5DE79EB09}.Release|Any CPU.Build.0 = Release|Any CPU
	EndGlobalSection
EndGlobal
